{
  "name": "views",
  "lockfileVersion": 2,
  "requires": true,
  "packages": {
    "": {
      "dependencies": {
        "squirrelly": "^8.0.8"
      }
    },
    "node_modules/squirrelly": {
      "version": "8.0.8",
      "resolved": "https://registry.npmjs.org/squirrelly/-/squirrelly-8.0.8.tgz",
      "integrity": "sha512-7dyZJ9Gw86MmH0dYLiESsjGOTj6KG8IWToTaqBuB6LwPI+hyNb6mbQaZwrfnAQ4cMDnSWMUvX/zAYDLTSWLk/w==",
      "engines": {
        "node": ">=6.0.0"
      },
      "funding": {
        "url": "https://github.com/squirrellyjs/squirrelly?sponsor=1"
      }
    }
  },
  "dependencies": {
    "squirrelly": {
      "version": "8.0.8",
      "resolved": "https://registry.npmjs.org/squirrelly/-/squirrelly-8.0.8.tgz",
      "integrity": "sha512-7dyZJ9Gw86MmH0dYLiESsjGOTj6KG8IWToTaqBuB6LwPI+hyNb6mbQaZwrfnAQ4cMDnSWMUvX/zAYDLTSWLk/w=="
    }
  }
}
