{
    "name": "web",
    "lockfileVersion": 2,
    "requires": true,
    "packages": {
        "": {
            "dependencies": {
                "@architect/functions": "^5.4.0",
                "preact": "^10.13.2",
                "preact-custom-element": "^4.2.1",
                "serialize-javascript": "^6.0.1",
                "squirrelly": "^8.0.8"
            },
            "devDependencies": {
                "@types/preact-custom-element": "^4.0.1"
            }
        },
        "node_modules/@architect/functions": {
            "version": "5.4.0",
            "resolved": "https://registry.npmjs.org/@architect/functions/-/functions-5.4.0.tgz",
            "integrity": "sha512-/FCoxYGS4p3xBIh/qqoQVPGw+HluTUehdaZEhF081E00CHDI8rqPV1PTtsWZVHy2BBMwdTkPWOeFuFZVaywymQ==",
            "dependencies": {
                "cookie": "^0.5.0",
                "cookie-signature": "^1.2.0",
                "csrf": "^3.1.0",
                "node-webtokens": "^1.0.4",
                "run-parallel": "^1.2.0",
                "run-waterfall": "^1.1.7",
                "uid-safe": "^2.1.5"
            },
            "engines": {
                "node": ">=12"
            }
        },
        "node_modules/@types/preact-custom-element": {
            "version": "4.0.1",
            "resolved": "https://registry.npmjs.org/@types/preact-custom-element/-/preact-custom-element-4.0.1.tgz",
            "integrity": "sha512-oduUzzxJAZ7qWJ5EsUffxvpRFnzgffilDlfxLR9Q2YkEzSfn3vudIrnDg0AiQgZJ0GkAjLzkxQyAxH6sS/EQdQ==",
            "dev": true,
            "dependencies": {
                "preact": "^10.0.0"
            }
        },
        "node_modules/cookie": {
            "version": "0.5.0",
            "resolved": "https://registry.npmjs.org/cookie/-/cookie-0.5.0.tgz",
            "integrity": "sha512-YZ3GUyn/o8gfKJlnlX7g7xq4gyO6OSuhGPKaaGssGB2qgDUS0gPgtTvoyZLTt9Ab6dC4hfc9dV5arkvc/OCmrw==",
            "engines": {
                "node": ">= 0.6"
            }
        },
        "node_modules/cookie-signature": {
            "version": "1.2.1",
            "resolved": "https://registry.npmjs.org/cookie-signature/-/cookie-signature-1.2.1.tgz",
            "integrity": "sha512-78KWk9T26NhzXtuL26cIJ8/qNHANyJ/ZYrmEXFzUmhZdjpBv+DlWlOANRTGBt48YcyslsLrj0bMLFTmXvLRCOw==",
            "engines": {
                "node": ">=6.6.0"
            }
        },
        "node_modules/csrf": {
            "version": "3.1.0",
            "resolved": "https://registry.npmjs.org/csrf/-/csrf-3.1.0.tgz",
            "integrity": "sha512-uTqEnCvWRk042asU6JtapDTcJeeailFy4ydOQS28bj1hcLnYRiqi8SsD2jS412AY1I/4qdOwWZun774iqywf9w==",
            "dependencies": {
                "rndm": "1.2.0",
                "tsscmp": "1.0.6",
                "uid-safe": "2.1.5"
            },
            "engines": {
                "node": ">= 0.8"
            }
        },
        "node_modules/node-webtokens": {
            "version": "1.0.4",
            "resolved": "https://registry.npmjs.org/node-webtokens/-/node-webtokens-1.0.4.tgz",
            "integrity": "sha512-Sla56CeSLWvPbwud2kogqf5edQtKNXZBtXDDpmOzAgNZjwETbK/Am6PXfs54iZPLBm8K8amZ9XWaCQwGqZmKyQ==",
            "engines": {
                "node": ">=6.6.0"
            }
        },
        "node_modules/preact": {
            "version": "10.13.2",
            "resolved": "https://registry.npmjs.org/preact/-/preact-10.13.2.tgz",
            "integrity": "sha512-q44QFLhOhty2Bd0Y46fnYW0gD/cbVM9dUVtNTDKPcdXSMA7jfY+Jpd6rk3GB0lcQss0z5s/6CmVP0Z/hV+g6pw==",
            "funding": {
                "type": "opencollective",
                "url": "https://opencollective.com/preact"
            }
        },
        "node_modules/preact-custom-element": {
            "version": "4.2.1",
            "resolved": "https://registry.npmjs.org/preact-custom-element/-/preact-custom-element-4.2.1.tgz",
            "integrity": "sha512-/fiEEAyC+MXRlCBRmv/owoN5BLpO2nF/MF3YBHLtp4C2lNqlhV+a4he74A5DhfDoRmxDHm0sYVgQzWFEyzTDsw==",
            "peerDependencies": {
                "preact": "10.x"
            }
        },
        "node_modules/queue-microtask": {
            "version": "1.2.3",
            "resolved": "https://registry.npmjs.org/queue-microtask/-/queue-microtask-1.2.3.tgz",
            "integrity": "sha512-NuaNSa6flKT5JaSYQzJok04JzTL1CA6aGhv5rfLW3PgqA+M2ChpZQnAC8h8i4ZFkBS8X5RqkDBHA7r4hej3K9A==",
            "funding": [
                {
                    "type": "github",
                    "url": "https://github.com/sponsors/feross"
                },
                {
                    "type": "patreon",
                    "url": "https://www.patreon.com/feross"
                },
                {
                    "type": "consulting",
                    "url": "https://feross.org/support"
                }
            ]
        },
        "node_modules/random-bytes": {
            "version": "1.0.0",
            "resolved": "https://registry.npmjs.org/random-bytes/-/random-bytes-1.0.0.tgz",
            "integrity": "sha512-iv7LhNVO047HzYR3InF6pUcUsPQiHTM1Qal51DcGSuZFBil1aBBWG5eHPNek7bvILMaYJ/8RU1e8w1AMdHmLQQ==",
            "engines": {
                "node": ">= 0.8"
            }
        },
        "node_modules/randombytes": {
            "version": "2.1.0",
            "resolved": "https://registry.npmjs.org/randombytes/-/randombytes-2.1.0.tgz",
            "integrity": "sha512-vYl3iOX+4CKUWuxGi9Ukhie6fsqXqS9FE2Zaic4tNFD2N2QQaXOMFbuKK4QmDHC0JO6B1Zp41J0LpT0oR68amQ==",
            "dependencies": {
                "safe-buffer": "^5.1.0"
            }
        },
        "node_modules/rndm": {
            "version": "1.2.0",
            "resolved": "https://registry.npmjs.org/rndm/-/rndm-1.2.0.tgz",
            "integrity": "sha512-fJhQQI5tLrQvYIYFpOnFinzv9dwmR7hRnUz1XqP3OJ1jIweTNOd6aTO4jwQSgcBSFUB+/KHJxuGneime+FdzOw=="
        },
        "node_modules/run-parallel": {
            "version": "1.2.0",
            "resolved": "https://registry.npmjs.org/run-parallel/-/run-parallel-1.2.0.tgz",
            "integrity": "sha512-5l4VyZR86LZ/lDxZTR6jqL8AFE2S0IFLMP26AbjsLVADxHdhB/c0GUsH+y39UfCi3dzz8OlQuPmnaJOMoDHQBA==",
            "funding": [
                {
                    "type": "github",
                    "url": "https://github.com/sponsors/feross"
                },
                {
                    "type": "patreon",
                    "url": "https://www.patreon.com/feross"
                },
                {
                    "type": "consulting",
                    "url": "https://feross.org/support"
                }
            ],
            "dependencies": {
                "queue-microtask": "^1.2.2"
            }
        },
        "node_modules/run-waterfall": {
            "version": "1.1.7",
            "resolved": "https://registry.npmjs.org/run-waterfall/-/run-waterfall-1.1.7.tgz",
            "integrity": "sha512-iFPgh7SatHXOG1ClcpdwHI63geV3Hc/iL6crGSyBlH2PY7Rm/za+zoKz6FfY/Qlw5K7JwSol8pseO8fN6CMhhQ==",
            "funding": [
                {
                    "type": "github",
                    "url": "https://github.com/sponsors/feross"
                },
                {
                    "type": "patreon",
                    "url": "https://www.patreon.com/feross"
                },
                {
                    "type": "consulting",
                    "url": "https://feross.org/support"
                }
            ]
        },
        "node_modules/safe-buffer": {
            "version": "5.2.1",
            "resolved": "https://registry.npmjs.org/safe-buffer/-/safe-buffer-5.2.1.tgz",
            "integrity": "sha512-rp3So07KcdmmKbGvgaNxQSJr7bGVSVk5S9Eq1F+ppbRo70+YeaDxkw5Dd8NPN+GD6bjnYm2VuPuCXmpuYvmCXQ==",
            "funding": [
                {
                    "type": "github",
                    "url": "https://github.com/sponsors/feross"
                },
                {
                    "type": "patreon",
                    "url": "https://www.patreon.com/feross"
                },
                {
                    "type": "consulting",
                    "url": "https://feross.org/support"
                }
            ]
        },
        "node_modules/serialize-javascript": {
            "version": "6.0.1",
            "resolved": "https://registry.npmjs.org/serialize-javascript/-/serialize-javascript-6.0.1.tgz",
            "integrity": "sha512-owoXEFjWRllis8/M1Q+Cw5k8ZH40e3zhp/ovX+Xr/vi1qj6QesbyXXViFbpNvWvPNAD62SutwEXavefrLJWj7w==",
            "dependencies": {
                "randombytes": "^2.1.0"
            }
        },
        "node_modules/squirrelly": {
            "version": "8.0.8",
            "resolved": "https://registry.npmjs.org/squirrelly/-/squirrelly-8.0.8.tgz",
            "integrity": "sha512-7dyZJ9Gw86MmH0dYLiESsjGOTj6KG8IWToTaqBuB6LwPI+hyNb6mbQaZwrfnAQ4cMDnSWMUvX/zAYDLTSWLk/w==",
            "engines": {
                "node": ">=6.0.0"
            },
            "funding": {
                "url": "https://github.com/squirrellyjs/squirrelly?sponsor=1"
            }
        },
        "node_modules/tsscmp": {
            "version": "1.0.6",
            "resolved": "https://registry.npmjs.org/tsscmp/-/tsscmp-1.0.6.tgz",
            "integrity": "sha512-LxhtAkPDTkVCMQjt2h6eBVY28KCjikZqZfMcC15YBeNjkgUpdCfBu5HoiOTDu86v6smE8yOjyEktJ8hlbANHQA==",
            "engines": {
                "node": ">=0.6.x"
            }
        },
        "node_modules/uid-safe": {
            "version": "2.1.5",
            "resolved": "https://registry.npmjs.org/uid-safe/-/uid-safe-2.1.5.tgz",
            "integrity": "sha512-KPHm4VL5dDXKz01UuEd88Df+KzynaohSL9fBh096KWAxSKZQDI2uBrVqtvRM4rwrIrRRKsdLNML/lnaaVSRioA==",
            "dependencies": {
                "random-bytes": "~1.0.0"
            },
            "engines": {
                "node": ">= 0.8"
            }
        }
    },
    "dependencies": {
        "@architect/functions": {
            "version": "5.4.0",
            "resolved": "https://registry.npmjs.org/@architect/functions/-/functions-5.4.0.tgz",
            "integrity": "sha512-/FCoxYGS4p3xBIh/qqoQVPGw+HluTUehdaZEhF081E00CHDI8rqPV1PTtsWZVHy2BBMwdTkPWOeFuFZVaywymQ==",
            "requires": {
                "cookie": "^0.5.0",
                "cookie-signature": "^1.2.0",
                "csrf": "^3.1.0",
                "node-webtokens": "^1.0.4",
                "run-parallel": "^1.2.0",
                "run-waterfall": "^1.1.7",
                "uid-safe": "^2.1.5"
            }
        },
        "@types/preact-custom-element": {
            "version": "4.0.1",
            "resolved": "https://registry.npmjs.org/@types/preact-custom-element/-/preact-custom-element-4.0.1.tgz",
            "integrity": "sha512-oduUzzxJAZ7qWJ5EsUffxvpRFnzgffilDlfxLR9Q2YkEzSfn3vudIrnDg0AiQgZJ0GkAjLzkxQyAxH6sS/EQdQ==",
            "dev": true,
            "requires": {
                "preact": "^10.0.0"
            }
        },
        "cookie": {
            "version": "0.5.0",
            "resolved": "https://registry.npmjs.org/cookie/-/cookie-0.5.0.tgz",
            "integrity": "sha512-YZ3GUyn/o8gfKJlnlX7g7xq4gyO6OSuhGPKaaGssGB2qgDUS0gPgtTvoyZLTt9Ab6dC4hfc9dV5arkvc/OCmrw=="
        },
        "cookie-signature": {
            "version": "1.2.1",
            "resolved": "https://registry.npmjs.org/cookie-signature/-/cookie-signature-1.2.1.tgz",
            "integrity": "sha512-78KWk9T26NhzXtuL26cIJ8/qNHANyJ/ZYrmEXFzUmhZdjpBv+DlWlOANRTGBt48YcyslsLrj0bMLFTmXvLRCOw=="
        },
        "csrf": {
            "version": "3.1.0",
            "resolved": "https://registry.npmjs.org/csrf/-/csrf-3.1.0.tgz",
            "integrity": "sha512-uTqEnCvWRk042asU6JtapDTcJeeailFy4ydOQS28bj1hcLnYRiqi8SsD2jS412AY1I/4qdOwWZun774iqywf9w==",
            "requires": {
                "rndm": "1.2.0",
                "tsscmp": "1.0.6",
                "uid-safe": "2.1.5"
            }
        },
        "node-webtokens": {
            "version": "1.0.4",
            "resolved": "https://registry.npmjs.org/node-webtokens/-/node-webtokens-1.0.4.tgz",
            "integrity": "sha512-Sla56CeSLWvPbwud2kogqf5edQtKNXZBtXDDpmOzAgNZjwETbK/Am6PXfs54iZPLBm8K8amZ9XWaCQwGqZmKyQ=="
        },
        "preact": {
            "version": "10.13.2",
            "resolved": "https://registry.npmjs.org/preact/-/preact-10.13.2.tgz",
            "integrity": "sha512-q44QFLhOhty2Bd0Y46fnYW0gD/cbVM9dUVtNTDKPcdXSMA7jfY+Jpd6rk3GB0lcQss0z5s/6CmVP0Z/hV+g6pw=="
        },
        "preact-custom-element": {
            "version": "4.2.1",
            "resolved": "https://registry.npmjs.org/preact-custom-element/-/preact-custom-element-4.2.1.tgz",
            "integrity": "sha512-/fiEEAyC+MXRlCBRmv/owoN5BLpO2nF/MF3YBHLtp4C2lNqlhV+a4he74A5DhfDoRmxDHm0sYVgQzWFEyzTDsw==",
            "requires": {}
        },
        "queue-microtask": {
            "version": "1.2.3",
            "resolved": "https://registry.npmjs.org/queue-microtask/-/queue-microtask-1.2.3.tgz",
            "integrity": "sha512-NuaNSa6flKT5JaSYQzJok04JzTL1CA6aGhv5rfLW3PgqA+M2ChpZQnAC8h8i4ZFkBS8X5RqkDBHA7r4hej3K9A=="
        },
        "random-bytes": {
            "version": "1.0.0",
            "resolved": "https://registry.npmjs.org/random-bytes/-/random-bytes-1.0.0.tgz",
            "integrity": "sha512-iv7LhNVO047HzYR3InF6pUcUsPQiHTM1Qal51DcGSuZFBil1aBBWG5eHPNek7bvILMaYJ/8RU1e8w1AMdHmLQQ=="
        },
        "randombytes": {
            "version": "2.1.0",
            "resolved": "https://registry.npmjs.org/randombytes/-/randombytes-2.1.0.tgz",
            "integrity": "sha512-vYl3iOX+4CKUWuxGi9Ukhie6fsqXqS9FE2Zaic4tNFD2N2QQaXOMFbuKK4QmDHC0JO6B1Zp41J0LpT0oR68amQ==",
            "requires": {
                "safe-buffer": "^5.1.0"
            }
        },
        "rndm": {
            "version": "1.2.0",
            "resolved": "https://registry.npmjs.org/rndm/-/rndm-1.2.0.tgz",
            "integrity": "sha512-fJhQQI5tLrQvYIYFpOnFinzv9dwmR7hRnUz1XqP3OJ1jIweTNOd6aTO4jwQSgcBSFUB+/KHJxuGneime+FdzOw=="
        },
        "run-parallel": {
            "version": "1.2.0",
            "resolved": "https://registry.npmjs.org/run-parallel/-/run-parallel-1.2.0.tgz",
            "integrity": "sha512-5l4VyZR86LZ/lDxZTR6jqL8AFE2S0IFLMP26AbjsLVADxHdhB/c0GUsH+y39UfCi3dzz8OlQuPmnaJOMoDHQBA==",
            "requires": {
                "queue-microtask": "^1.2.2"
            }
        },
        "run-waterfall": {
            "version": "1.1.7",
            "resolved": "https://registry.npmjs.org/run-waterfall/-/run-waterfall-1.1.7.tgz",
            "integrity": "sha512-iFPgh7SatHXOG1ClcpdwHI63geV3Hc/iL6crGSyBlH2PY7Rm/za+zoKz6FfY/Qlw5K7JwSol8pseO8fN6CMhhQ=="
        },
        "safe-buffer": {
            "version": "5.2.1",
            "resolved": "https://registry.npmjs.org/safe-buffer/-/safe-buffer-5.2.1.tgz",
            "integrity": "sha512-rp3So07KcdmmKbGvgaNxQSJr7bGVSVk5S9Eq1F+ppbRo70+YeaDxkw5Dd8NPN+GD6bjnYm2VuPuCXmpuYvmCXQ=="
        },
        "serialize-javascript": {
            "version": "6.0.1",
            "resolved": "https://registry.npmjs.org/serialize-javascript/-/serialize-javascript-6.0.1.tgz",
            "integrity": "sha512-owoXEFjWRllis8/M1Q+Cw5k8ZH40e3zhp/ovX+Xr/vi1qj6QesbyXXViFbpNvWvPNAD62SutwEXavefrLJWj7w==",
            "requires": {
                "randombytes": "^2.1.0"
            }
        },
        "squirrelly": {
            "version": "8.0.8",
            "resolved": "https://registry.npmjs.org/squirrelly/-/squirrelly-8.0.8.tgz",
            "integrity": "sha512-7dyZJ9Gw86MmH0dYLiESsjGOTj6KG8IWToTaqBuB6LwPI+hyNb6mbQaZwrfnAQ4cMDnSWMUvX/zAYDLTSWLk/w=="
        },
        "tsscmp": {
            "version": "1.0.6",
            "resolved": "https://registry.npmjs.org/tsscmp/-/tsscmp-1.0.6.tgz",
            "integrity": "sha512-LxhtAkPDTkVCMQjt2h6eBVY28KCjikZqZfMcC15YBeNjkgUpdCfBu5HoiOTDu86v6smE8yOjyEktJ8hlbANHQA=="
        },
        "uid-safe": {
            "version": "2.1.5",
            "resolved": "https://registry.npmjs.org/uid-safe/-/uid-safe-2.1.5.tgz",
            "integrity": "sha512-KPHm4VL5dDXKz01UuEd88Df+KzynaohSL9fBh096KWAxSKZQDI2uBrVqtvRM4rwrIrRRKsdLNML/lnaaVSRioA==",
            "requires": {
                "random-bytes": "~1.0.0"
            }
        }
    }
}
